{
    "_readme": [
        "This file locks the dependencies of your project to a known state",
        "Read more about it at https://getcomposer.org/doc/01-basic-usage.md#installing-dependencies",
        "This file is @generated automatically"
    ],
    "content-hash": "22cf2c5a6d4aa5083e84bea17f3bc7f4",
    "packages": [
        {
            "name": "ch1nesy/my-core",
            "version": "dev-master",
            "source": {
                "type": "git",
                "url": "https://github.com/cH1NESY/MyCore.git",
                "reference": "7857d38374422607378de23fa14c8ed0169460a5"
            },
            "dist": {
                "type": "zip",
                "url": "https://api.github.com/repos/cH1NESY/MyCore/zipball/7857d38374422607378de23fa14c8ed0169460a5",
                "reference": "7857d38374422607378de23fa14c8ed0169460a5",
                "shasum": ""
            },
            "default-branch": true,
            "type": "library",
            "autoload": {
                "psr-4": {
                    "Ch1nesy\\MyCore\\": "src/"
                }
            },
            "notification-url": "https://packagist.org/downloads/",
            "authors": [
                {
                    "name": "Чингис",
                    "email": "underchina@mail.ru"
                }
            ],
            "support": {
                "issues": "https://github.com/cH1NESY/MyCore/issues",
                "source": "https://github.com/cH1NESY/MyCore/tree/master"
            },
            "time": "2024-11-28T16:09:51+00:00"
        }
    ],
    "packages-dev": [],
    "aliases": [],
    "minimum-stability": "stable",
    "stability-flags": {
        "ch1nesy/my-core": 20
    },
    "prefer-stable": false,
    "prefer-lowest": false,
    "platform": [],
    "platform-dev": [],
    "plugin-api-version": "2.6.0"
}
